// !$*UTF8*$!
{
	archiveVersion = 1;
	classes = {
	};
	objectVersion = 56;
	objects = {

/* Begin PBXBuildFile section */
		5D09E57E2AFEAB83007FD223 /* AppDelegate.swift in Sources */ = {isa = PBXBuildFile; fileRef = 5D09E57D2AFEAB83007FD223 /* AppDelegate.swift */; };
		5D09E5802AFEAB83007FD223 /* SceneDelegate.swift in Sources */ = {isa = PBXBuildFile; fileRef = 5D09E57F2AFEAB83007FD223 /* SceneDelegate.swift */; };
		5D09E5822AFEAB83007FD223 /* ViewController.swift in Sources */ = {isa = PBXBuildFile; fileRef = 5D09E5812AFEAB83007FD223 /* ViewController.swift */; };
		5D09E5852AFEAB83007FD223 /* Main.storyboard in Resources */ = {isa = PBXBuildFile; fileRef = 5D09E5832AFEAB83007FD223 /* Main.storyboard */; };
		5D09E5882AFEAB83007FD223 /* ConjuFrench.xcdatamodeld in Sources */ = {isa = PBXBuildFile; fileRef = 5D09E5862AFEAB83007FD223 /* ConjuFrench.xcdatamodeld */; };
		5D09E58A2AFEAB90007FD223 /* Assets.xcassets in Resources */ = {isa = PBXBuildFile; fileRef = 5D09E5892AFEAB90007FD223 /* Assets.xcassets */; };
		5D09E58D2AFEAB90007FD223 /* LaunchScreen.storyboard in Resources */ = {isa = PBXBuildFile; fileRef = 5D09E58B2AFEAB90007FD223 /* LaunchScreen.storyboard */; };
		5D09E5952AFEAE9A007FD223 /* SecondViewController.swift in Sources */ = {isa = PBXBuildFile; fileRef = 5D09E5942AFEAE9A007FD223 /* SecondViewController.swift */; };
		5D09E5972AFEB38A007FD223 /* ThirdViewController.swift in Sources */ = {isa = PBXBuildFile; fileRef = 5D09E5962AFEB38A007FD223 /* ThirdViewController.swift */; };
		5D09E5992AFEB57D007FD223 /* FourthViewController.swift in Sources */ = {isa = PBXBuildFile; fileRef = 5D09E5982AFEB57D007FD223 /* FourthViewController.swift */; };
		5D09E59F2AFEBCE8007FD223 /* VerbsProvider.swift in Sources */ = {isa = PBXBuildFile; fileRef = 5D09E59E2AFEBCE8007FD223 /* VerbsProvider.swift */; };
		5D09E5A12AFEBD86007FD223 /* InfoVerbModel.swift in Sources */ = {isa = PBXBuildFile; fileRef = 5D09E5A02AFEBD86007FD223 /* InfoVerbModel.swift */; };
		5D09E5A52AFEC234007FD223 /* enumSegue.swift in Sources */ = {isa = PBXBuildFile; fileRef = 5D09E5A42AFEC234007FD223 /* enumSegue.swift */; };
		5D09E5B02B02743E007FD223 /* VerbsTableViewCell.swift in Sources */ = {isa = PBXBuildFile; fileRef = 5D09E5AE2B02743E007FD223 /* VerbsTableViewCell.swift */; };
		5D09E5B12B02743E007FD223 /* VerbsTableViewCell.xib in Resources */ = {isa = PBXBuildFile; fileRef = 5D09E5AF2B02743E007FD223 /* VerbsTableViewCell.xib */; };
		5D9606102B1A68740074EB5B /* UserModel.swift in Sources */ = {isa = PBXBuildFile; fileRef = 5D96060F2B1A68740074EB5B /* UserModel.swift */; };
		5D9606122B1A689A0074EB5B /* UserProvider.swift in Sources */ = {isa = PBXBuildFile; fileRef = 5D9606112B1A689A0074EB5B /* UserProvider.swift */; };
		5D96065F2B1E2DBD0074EB5B /* FrenchVerbAPI.swift in Sources */ = {isa = PBXBuildFile; fileRef = 5D9606542B1E2DBD0074EB5B /* FrenchVerbAPI.swift */; };
		5D9606602B1E2DBD0074EB5B /* API.swift in Sources */ = {isa = PBXBuildFile; fileRef = 5D9606552B1E2DBD0074EB5B /* API.swift */; };
		5D9606612B1E2DBD0074EB5B /* FrenchVerbInfinitiveModel.swift in Sources */ = {isa = PBXBuildFile; fileRef = 5D9606572B1E2DBD0074EB5B /* FrenchVerbInfinitiveModel.swift */; };
		5D9606622B1E2DBD0074EB5B /* FrenchVerbParticipeModel.swift in Sources */ = {isa = PBXBuildFile; fileRef = 5D9606582B1E2DBD0074EB5B /* FrenchVerbParticipeModel.swift */; };
		5D9606632B1E2DBD0074EB5B /* FrenchVerbConditionnelModel.swift in Sources */ = {isa = PBXBuildFile; fileRef = 5D9606592B1E2DBD0074EB5B /* FrenchVerbConditionnelModel.swift */; };
		5D9606642B1E2DBD0074EB5B /* example.json in Resources */ = {isa = PBXBuildFile; fileRef = 5D96065A2B1E2DBD0074EB5B /* example.json */; };
		5D9606652B1E2DBD0074EB5B /* FrenchVerbModel.swift in Sources */ = {isa = PBXBuildFile; fileRef = 5D96065B2B1E2DBD0074EB5B /* FrenchVerbModel.swift */; };
		5D9606662B1E2DBD0074EB5B /* FrenchVerbImperatifModel.swift in Sources */ = {isa = PBXBuildFile; fileRef = 5D96065C2B1E2DBD0074EB5B /* FrenchVerbImperatifModel.swift */; };
		5D9606672B1E2DBD0074EB5B /* FrenchVerbIndicatifModel.swift in Sources */ = {isa = PBXBuildFile; fileRef = 5D96065D2B1E2DBD0074EB5B /* FrenchVerbIndicatifModel.swift */; };
		5D9606682B1E2DBD0074EB5B /* FrenchVerbSubjonctifModel.swift in Sources */ = {isa = PBXBuildFile; fileRef = 5D96065E2B1E2DBD0074EB5B /* FrenchVerbSubjonctifModel.swift */; };
		5D96066B2B1E2DDE0074EB5B /* Context.swift in Sources */ = {isa = PBXBuildFile; fileRef = 5D96066A2B1E2DDE0074EB5B /* Context.swift */; };
/* End PBXBuildFile section */

/* Begin PBXFileReference section */
		5D09E57A2AFEAB83007FD223 /* ConjuFrench.app */ = {isa = PBXFileReference; explicitFileType = wrapper.application; includeInIndex = 0; path = ConjuFrench.app; sourceTree = BUILT_PRODUCTS_DIR; };
		5D09E57D2AFEAB83007FD223 /* AppDelegate.swift */ = {isa = PBXFileReference; lastKnownFileType = sourcecode.swift; path = AppDelegate.swift; sourceTree = "<group>"; };
		5D09E57F2AFEAB83007FD223 /* SceneDelegate.swift */ = {isa = PBXFileReference; lastKnownFileType = sourcecode.swift; path = SceneDelegate.swift; sourceTree = "<group>"; };
		5D09E5812AFEAB83007FD223 /* ViewController.swift */ = {isa = PBXFileReference; lastKnownFileType = sourcecode.swift; path = ViewController.swift; sourceTree = "<group>"; };
		5D09E5842AFEAB83007FD223 /* Base */ = {isa = PBXFileReference; lastKnownFileType = file.storyboard; name = Base; path = Base.lproj/Main.storyboard; sourceTree = "<group>"; };
		5D09E5872AFEAB83007FD223 /* ConjuFrench.xcdatamodel */ = {isa = PBXFileReference; lastKnownFileType = wrapper.xcdatamodel; path = ConjuFrench.xcdatamodel; sourceTree = "<group>"; };
		5D09E5892AFEAB90007FD223 /* Assets.xcassets */ = {isa = PBXFileReference; lastKnownFileType = folder.assetcatalog; path = Assets.xcassets; sourceTree = "<group>"; };
		5D09E58C2AFEAB90007FD223 /* Base */ = {isa = PBXFileReference; lastKnownFileType = file.storyboard; name = Base; path = Base.lproj/LaunchScreen.storyboard; sourceTree = "<group>"; };
		5D09E58E2AFEAB90007FD223 /* Info.plist */ = {isa = PBXFileReference; lastKnownFileType = text.plist.xml; path = Info.plist; sourceTree = "<group>"; };
		5D09E5942AFEAE9A007FD223 /* SecondViewController.swift */ = {isa = PBXFileReference; lastKnownFileType = sourcecode.swift; path = SecondViewController.swift; sourceTree = "<group>"; };
		5D09E5962AFEB38A007FD223 /* ThirdViewController.swift */ = {isa = PBXFileReference; lastKnownFileType = sourcecode.swift; path = ThirdViewController.swift; sourceTree = "<group>"; };
		5D09E5982AFEB57D007FD223 /* FourthViewController.swift */ = {isa = PBXFileReference; lastKnownFileType = sourcecode.swift; path = FourthViewController.swift; sourceTree = "<group>"; };
		5D09E59E2AFEBCE8007FD223 /* VerbsProvider.swift */ = {isa = PBXFileReference; lastKnownFileType = sourcecode.swift; path = VerbsProvider.swift; sourceTree = "<group>"; };
		5D09E5A02AFEBD86007FD223 /* InfoVerbModel.swift */ = {isa = PBXFileReference; lastKnownFileType = sourcecode.swift; path = InfoVerbModel.swift; sourceTree = "<group>"; };
		5D09E5A42AFEC234007FD223 /* enumSegue.swift */ = {isa = PBXFileReference; lastKnownFileType = sourcecode.swift; path = enumSegue.swift; sourceTree = "<group>"; };
		5D09E5AE2B02743E007FD223 /* VerbsTableViewCell.swift */ = {isa = PBXFileReference; lastKnownFileType = sourcecode.swift; path = VerbsTableViewCell.swift; sourceTree = "<group>"; };
		5D09E5AF2B02743E007FD223 /* VerbsTableViewCell.xib */ = {isa = PBXFileReference; lastKnownFileType = file.xib; path = VerbsTableViewCell.xib; sourceTree = "<group>"; };
		5D96060F2B1A68740074EB5B /* UserModel.swift */ = {isa = PBXFileReference; lastKnownFileType = sourcecode.swift; path = UserModel.swift; sourceTree = "<group>"; };
		5D9606112B1A689A0074EB5B /* UserProvider.swift */ = {isa = PBXFileReference; lastKnownFileType = sourcecode.swift; path = UserProvider.swift; sourceTree = "<group>"; };
		5D9606542B1E2DBD0074EB5B /* FrenchVerbAPI.swift */ = {isa = PBXFileReference; fileEncoding = 4; lastKnownFileType = sourcecode.swift; path = FrenchVerbAPI.swift; sourceTree = "<group>"; };
		5D9606552B1E2DBD0074EB5B /* API.swift */ = {isa = PBXFileReference; fileEncoding = 4; lastKnownFileType = sourcecode.swift; path = API.swift; sourceTree = "<group>"; };
		5D9606572B1E2DBD0074EB5B /* FrenchVerbInfinitiveModel.swift */ = {isa = PBXFileReference; fileEncoding = 4; lastKnownFileType = sourcecode.swift; path = FrenchVerbInfinitiveModel.swift; sourceTree = "<group>"; };
		5D9606582B1E2DBD0074EB5B /* FrenchVerbParticipeModel.swift */ = {isa = PBXFileReference; fileEncoding = 4; lastKnownFileType = sourcecode.swift; path = FrenchVerbParticipeModel.swift; sourceTree = "<group>"; };
		5D9606592B1E2DBD0074EB5B /* FrenchVerbConditionnelModel.swift */ = {isa = PBXFileReference; fileEncoding = 4; lastKnownFileType = sourcecode.swift; path = FrenchVerbConditionnelModel.swift; sourceTree = "<group>"; };
		5D96065A2B1E2DBD0074EB5B /* example.json */ = {isa = PBXFileReference; fileEncoding = 4; lastKnownFileType = text.json; path = example.json; sourceTree = "<group>"; };
		5D96065B2B1E2DBD0074EB5B /* FrenchVerbModel.swift */ = {isa = PBXFileReference; fileEncoding = 4; lastKnownFileType = sourcecode.swift; path = FrenchVerbModel.swift; sourceTree = "<group>"; };
		5D96065C2B1E2DBD0074EB5B /* FrenchVerbImperatifModel.swift */ = {isa = PBXFileReference; fileEncoding = 4; lastKnownFileType = sourcecode.swift; path = FrenchVerbImperatifModel.swift; sourceTree = "<group>"; };
		5D96065D2B1E2DBD0074EB5B /* FrenchVerbIndicatifModel.swift */ = {isa = PBXFileReference; fileEncoding = 4; lastKnownFileType = sourcecode.swift; path = FrenchVerbIndicatifModel.swift; sourceTree = "<group>"; };
		5D96065E2B1E2DBD0074EB5B /* FrenchVerbSubjonctifModel.swift */ = {isa = PBXFileReference; fileEncoding = 4; lastKnownFileType = sourcecode.swift; path = FrenchVerbSubjonctifModel.swift; sourceTree = "<group>"; };
		5D96066A2B1E2DDE0074EB5B /* Context.swift */ = {isa = PBXFileReference; lastKnownFileType = sourcecode.swift; path = Context.swift; sourceTree = "<group>"; };
/* End PBXFileReference section */

/* Begin PBXFrameworksBuildPhase section */
		5D09E5772AFEAB83007FD223 /* Frameworks */ = {
			isa = PBXFrameworksBuildPhase;
			buildActionMask = 2147483647;
			files = (
			);
			runOnlyForDeploymentPostprocessing = 0;
		};
/* End PBXFrameworksBuildPhase section */

/* Begin PBXGroup section */
		5D09E5712AFEAB82007FD223 = {
			isa = PBXGroup;
			children = (
				5D09E57C2AFEAB83007FD223 /* ConjuFrench */,
				5D09E57B2AFEAB83007FD223 /* Products */,
			);
			sourceTree = "<group>";
		};
		5D09E57B2AFEAB83007FD223 /* Products */ = {
			isa = PBXGroup;
			children = (
				5D09E57A2AFEAB83007FD223 /* ConjuFrench.app */,
			);
			name = Products;
			sourceTree = "<group>";
		};
		5D09E57C2AFEAB83007FD223 /* ConjuFrench */ = {
			isa = PBXGroup;
			children = (
				5D9606692B1E2DCF0074EB5B /* Shared */,
				5D9606562B1E2DBD0074EB5B /* Model */,
				5D9606512B1E2DBD0074EB5B /* Service */,
				5D09E5AD2B02740B007FD223 /* View */,
				5D09E5AC2B02735F007FD223 /* Controller */,
				5D09E59B2AFEBB4F007FD223 /* Service */,
				5D09E59D2AFEBB81007FD223 /* Model */,
				5D09E59C2AFEBB6E007FD223 /* Source */,
				5D09E57D2AFEAB83007FD223 /* AppDelegate.swift */,
				5D09E57F2AFEAB83007FD223 /* SceneDelegate.swift */,
				5D09E5892AFEAB90007FD223 /* Assets.xcassets */,
				5D09E58B2AFEAB90007FD223 /* LaunchScreen.storyboard */,
				5D09E58E2AFEAB90007FD223 /* Info.plist */,
				5D09E5862AFEAB83007FD223 /* ConjuFrench.xcdatamodeld */,
			);
			path = ConjuFrench;
			sourceTree = "<group>";
		};
		5D09E59B2AFEBB4F007FD223 /* Service */ = {
			isa = PBXGroup;
			children = (
				5D09E59E2AFEBCE8007FD223 /* VerbsProvider.swift */,
				5D9606112B1A689A0074EB5B /* UserProvider.swift */,
			);
			path = Service;
			sourceTree = "<group>";
		};
		5D09E59C2AFEBB6E007FD223 /* Source */ = {
			isa = PBXGroup;
			children = (
				5D09E5A42AFEC234007FD223 /* enumSegue.swift */,
			);
			path = Source;
			sourceTree = "<group>";
		};
		5D09E59D2AFEBB81007FD223 /* Model */ = {
			isa = PBXGroup;
			children = (
				5D09E5A02AFEBD86007FD223 /* InfoVerbModel.swift */,
				5D96060F2B1A68740074EB5B /* UserModel.swift */,
			);
			path = Model;
			sourceTree = "<group>";
		};
		5D09E5AC2B02735F007FD223 /* Controller */ = {
			isa = PBXGroup;
			children = (
				5D09E5982AFEB57D007FD223 /* FourthViewController.swift */,
				5D09E5962AFEB38A007FD223 /* ThirdViewController.swift */,
				5D09E5942AFEAE9A007FD223 /* SecondViewController.swift */,
				5D09E5812AFEAB83007FD223 /* ViewController.swift */,
			);
			path = Controller;
			sourceTree = "<group>";
		};
		5D09E5AD2B02740B007FD223 /* View */ = {
			isa = PBXGroup;
			children = (
				5D09E5832AFEAB83007FD223 /* Main.storyboard */,
				5D09E5AE2B02743E007FD223 /* VerbsTableViewCell.swift */,
				5D09E5AF2B02743E007FD223 /* VerbsTableViewCell.xib */,
			);
			path = View;
			sourceTree = "<group>";
		};
		5D9606512B1E2DBD0074EB5B /* Service */ = {
			isa = PBXGroup;
			children = (
				5D9606522B1E2DBD0074EB5B /* API */,
			);
			name = Service;
			path = "../../../../Downloads/FrenchVerbAPI (1)/Service";
			sourceTree = "<group>";
		};
		5D9606522B1E2DBD0074EB5B /* API */ = {
			isa = PBXGroup;
			children = (
				5D9606532B1E2DBD0074EB5B /* FrenchVerbAPI */,
				5D9606552B1E2DBD0074EB5B /* API.swift */,
			);
			path = API;
			sourceTree = "<group>";
		};
		5D9606532B1E2DBD0074EB5B /* FrenchVerbAPI */ = {
			isa = PBXGroup;
			children = (
				5D9606542B1E2DBD0074EB5B /* FrenchVerbAPI.swift */,
			);
			path = FrenchVerbAPI;
			sourceTree = "<group>";
		};
		5D9606562B1E2DBD0074EB5B /* Model */ = {
			isa = PBXGroup;
			children = (
				5D9606572B1E2DBD0074EB5B /* FrenchVerbInfinitiveModel.swift */,
				5D9606582B1E2DBD0074EB5B /* FrenchVerbParticipeModel.swift */,
				5D9606592B1E2DBD0074EB5B /* FrenchVerbConditionnelModel.swift */,
				5D96065A2B1E2DBD0074EB5B /* example.json */,
				5D96065B2B1E2DBD0074EB5B /* FrenchVerbModel.swift */,
				5D96065C2B1E2DBD0074EB5B /* FrenchVerbImperatifModel.swift */,
				5D96065D2B1E2DBD0074EB5B /* FrenchVerbIndicatifModel.swift */,
				5D96065E2B1E2DBD0074EB5B /* FrenchVerbSubjonctifModel.swift */,
			);
			name = Model;
			path = "../../../../Downloads/FrenchVerbAPI (1)/Model";
			sourceTree = "<group>";
		};
		5D9606692B1E2DCF0074EB5B /* Shared */ = {
			isa = PBXGroup;
			children = (
				5D96066A2B1E2DDE0074EB5B /* Context.swift */,
			);
			path = Shared;
			sourceTree = "<group>";
		};
/* End PBXGroup section */

/* Begin PBXNativeTarget section */
		5D09E5792AFEAB83007FD223 /* ConjuFrench */ = {
			isa = PBXNativeTarget;
			buildConfigurationList = 5D09E5912AFEAB90007FD223 /* Build configuration list for PBXNativeTarget "ConjuFrench" */;
			buildPhases = (
				5D09E5762AFEAB83007FD223 /* Sources */,
				5D09E5772AFEAB83007FD223 /* Frameworks */,
				5D09E5782AFEAB83007FD223 /* Resources */,
			);
			buildRules = (
			);
			dependencies = (
			);
			name = ConjuFrench;
			productName = ConjuFrench;
			productReference = 5D09E57A2AFEAB83007FD223 /* ConjuFrench.app */;
			productType = "com.apple.product-type.application";
		};
/* End PBXNativeTarget section */

/* Begin PBXProject section */
		5D09E5722AFEAB82007FD223 /* Project object */ = {
			isa = PBXProject;
			attributes = {
				BuildIndependentTargetsInParallel = 1;
				LastSwiftUpdateCheck = 1430;
				LastUpgradeCheck = 1430;
				TargetAttributes = {
					5D09E5792AFEAB83007FD223 = {
						CreatedOnToolsVersion = 14.3;
					};
				};
			};
			buildConfigurationList = 5D09E5752AFEAB82007FD223 /* Build configuration list for PBXProject "ConjuFrench" */;
			compatibilityVersion = "Xcode 14.0";
			developmentRegion = en;
			hasScannedForEncodings = 0;
			knownRegions = (
				en,
				Base,
			);
			mainGroup = 5D09E5712AFEAB82007FD223;
			productRefGroup = 5D09E57B2AFEAB83007FD223 /* Products */;
			projectDirPath = "";
			projectRoot = "";
			targets = (
				5D09E5792AFEAB83007FD223 /* ConjuFrench */,
			);
		};
/* End PBXProject section */

/* Begin PBXResourcesBuildPhase section */
		5D09E5782AFEAB83007FD223 /* Resources */ = {
			isa = PBXResourcesBuildPhase;
			buildActionMask = 2147483647;
			files = (
				5D09E5B12B02743E007FD223 /* VerbsTableViewCell.xib in Resources */,
				5D9606642B1E2DBD0074EB5B /* example.json in Resources */,
				5D09E58D2AFEAB90007FD223 /* LaunchScreen.storyboard in Resources */,
				5D09E58A2AFEAB90007FD223 /* Assets.xcassets in Resources */,
				5D09E5852AFEAB83007FD223 /* Main.storyboard in Resources */,
			);
			runOnlyForDeploymentPostprocessing = 0;
		};
/* End PBXResourcesBuildPhase section */

/* Begin PBXSourcesBuildPhase section */
		5D09E5762AFEAB83007FD223 /* Sources */ = {
			isa = PBXSourcesBuildPhase;
			buildActionMask = 2147483647;
			files = (
				5D09E5822AFEAB83007FD223 /* ViewController.swift in Sources */,
				5D09E5882AFEAB83007FD223 /* ConjuFrench.xcdatamodeld in Sources */,
				5D09E5A52AFEC234007FD223 /* enumSegue.swift in Sources */,
				5D09E57E2AFEAB83007FD223 /* AppDelegate.swift in Sources */,
				5D9606602B1E2DBD0074EB5B /* API.swift in Sources */,
				5D9606612B1E2DBD0074EB5B /* FrenchVerbInfinitiveModel.swift in Sources */,
				5D9606622B1E2DBD0074EB5B /* FrenchVerbParticipeModel.swift in Sources */,
				5D09E5B02B02743E007FD223 /* VerbsTableViewCell.swift in Sources */,
				5D96065F2B1E2DBD0074EB5B /* FrenchVerbAPI.swift in Sources */,
				5D9606682B1E2DBD0074EB5B /* FrenchVerbSubjonctifModel.swift in Sources */,
				5D09E59F2AFEBCE8007FD223 /* VerbsProvider.swift in Sources */,
				5D9606122B1A689A0074EB5B /* UserProvider.swift in Sources */,
				5D09E5992AFEB57D007FD223 /* FourthViewController.swift in Sources */,
				5D9606632B1E2DBD0074EB5B /* FrenchVerbConditionnelModel.swift in Sources */,
				5D09E5952AFEAE9A007FD223 /* SecondViewController.swift in Sources */,
				5D9606672B1E2DBD0074EB5B /* FrenchVerbIndicatifModel.swift in Sources */,
				5D09E5972AFEB38A007FD223 /* ThirdViewController.swift in Sources */,
				5D09E5A12AFEBD86007FD223 /* InfoVerbModel.swift in Sources */,
				5D9606662B1E2DBD0074EB5B /* FrenchVerbImperatifModel.swift in Sources */,
				5D96066B2B1E2DDE0074EB5B /* Context.swift in Sources */,
				5D9606652B1E2DBD0074EB5B /* FrenchVerbModel.swift in Sources */,
				5D9606102B1A68740074EB5B /* UserModel.swift in Sources */,
				5D09E5802AFEAB83007FD223 /* SceneDelegate.swift in Sources */,
			);
			runOnlyForDeploymentPostprocessing = 0;
		};
/* End PBXSourcesBuildPhase section */

/* Begin PBXVariantGroup section */
		5D09E5832AFEAB83007FD223 /* Main.storyboard */ = {
			isa = PBXVariantGroup;
			children = (
				5D09E5842AFEAB83007FD223 /* Base */,
			);
			name = Main.storyboard;
			sourceTree = "<group>";
		};
		5D09E58B2AFEAB90007FD223 /* LaunchScreen.storyboard */ = {
			isa = PBXVariantGroup;
			children = (
				5D09E58C2AFEAB90007FD223 /* Base */,
			);
			name = LaunchScreen.storyboard;
			sourceTree = "<group>";
		};
/* End PBXVariantGroup section */

/* Begin XCBuildConfiguration section */
		5D09E58F2AFEAB90007FD223 /* Debug */ = {
			isa = XCBuildConfiguration;
			buildSettings = {
				ALWAYS_SEARCH_USER_PATHS = NO;
				CLANG_ANALYZER_NONNULL = YES;
				CLANG_ANALYZER_NUMBER_OBJECT_CONVERSION = YES_AGGRESSIVE;
				CLANG_CXX_LANGUAGE_STANDARD = "gnu++20";
				CLANG_ENABLE_MODULES = YES;
				CLANG_ENABLE_OBJC_ARC = YES;
				CLANG_ENABLE_OBJC_WEAK = YES;
				CLANG_WARN_BLOCK_CAPTURE_AUTORELEASING = YES;
				CLANG_WARN_BOOL_CONVERSION = YES;
				CLANG_WARN_COMMA = YES;
				CLANG_WARN_CONSTANT_CONVERSION = YES;
				CLANG_WARN_DEPRECATED_OBJC_IMPLEMENTATIONS = YES;
				CLANG_WARN_DIRECT_OBJC_ISA_USAGE = YES_ERROR;
				CLANG_WARN_DOCUMENTATION_COMMENTS = YES;
				CLANG_WARN_EMPTY_BODY = YES;
				CLANG_WARN_ENUM_CONVERSION = YES;
				CLANG_WARN_INFINITE_RECURSION = YES;
				CLANG_WARN_INT_CONVERSION = YES;
				CLANG_WARN_NON_LITERAL_NULL_CONVERSION = YES;
				CLANG_WARN_OBJC_IMPLICIT_RETAIN_SELF = YES;
				CLANG_WARN_OBJC_LITERAL_CONVERSION = YES;
				CLANG_WARN_OBJC_ROOT_CLASS = YES_ERROR;
				CLANG_WARN_QUOTED_INCLUDE_IN_FRAMEWORK_HEADER = YES;
				CLANG_WARN_RANGE_LOOP_ANALYSIS = YES;
				CLANG_WARN_STRICT_PROTOTYPES = YES;
				CLANG_WARN_SUSPICIOUS_MOVE = YES;
				CLANG_WARN_UNGUARDED_AVAILABILITY = YES_AGGRESSIVE;
				CLANG_WARN_UNREACHABLE_CODE = YES;
				CLANG_WARN__DUPLICATE_METHOD_MATCH = YES;
				COPY_PHASE_STRIP = NO;
				DEBUG_INFORMATION_FORMAT = dwarf;
				ENABLE_STRICT_OBJC_MSGSEND = YES;
				ENABLE_TESTABILITY = YES;
				GCC_C_LANGUAGE_STANDARD = gnu11;
				GCC_DYNAMIC_NO_PIC = NO;
				GCC_NO_COMMON_BLOCKS = YES;
				GCC_OPTIMIZATION_LEVEL = 0;
				GCC_PREPROCESSOR_DEFINITIONS = (
					"DEBUG=1",
					"$(inherited)",
				);
				GCC_WARN_64_TO_32_BIT_CONVERSION = YES;
				GCC_WARN_ABOUT_RETURN_TYPE = YES_ERROR;
				GCC_WARN_UNDECLARED_SELECTOR = YES;
				GCC_WARN_UNINITIALIZED_AUTOS = YES_AGGRESSIVE;
				GCC_WARN_UNUSED_FUNCTION = YES;
				GCC_WARN_UNUSED_VARIABLE = YES;
				IPHONEOS_DEPLOYMENT_TARGET = 16.4;
				MTL_ENABLE_DEBUG_INFO = INCLUDE_SOURCE;
				MTL_FAST_MATH = YES;
				ONLY_ACTIVE_ARCH = YES;
				SDKROOT = iphoneos;
				SWIFT_ACTIVE_COMPILATION_CONDITIONS = DEBUG;
				SWIFT_OPTIMIZATION_LEVEL = "-Onone";
			};
			name = Debug;
		};
		5D09E5902AFEAB90007FD223 /* Release */ = {
			isa = XCBuildConfiguration;
			buildSettings = {
				ALWAYS_SEARCH_USER_PATHS = NO;
				CLANG_ANALYZER_NONNULL = YES;
				CLANG_ANALYZER_NUMBER_OBJECT_CONVERSION = YES_AGGRESSIVE;
				CLANG_CXX_LANGUAGE_STANDARD = "gnu++20";
				CLANG_ENABLE_MODULES = YES;
				CLANG_ENABLE_OBJC_ARC = YES;
				CLANG_ENABLE_OBJC_WEAK = YES;
				CLANG_WARN_BLOCK_CAPTURE_AUTORELEASING = YES;
				CLANG_WARN_BOOL_CONVERSION = YES;
				CLANG_WARN_COMMA = YES;
				CLANG_WARN_CONSTANT_CONVERSION = YES;
				CLANG_WARN_DEPRECATED_OBJC_IMPLEMENTATIONS = YES;
				CLANG_WARN_DIRECT_OBJC_ISA_USAGE = YES_ERROR;
				CLANG_WARN_DOCUMENTATION_COMMENTS = YES;
				CLANG_WARN_EMPTY_BODY = YES;
				CLANG_WARN_ENUM_CONVERSION = YES;
				CLANG_WARN_INFINITE_RECURSION = YES;
				CLANG_WARN_INT_CONVERSION = YES;
				CLANG_WARN_NON_LITERAL_NULL_CONVERSION = YES;
				CLANG_WARN_OBJC_IMPLICIT_RETAIN_SELF = YES;
				CLANG_WARN_OBJC_LITERAL_CONVERSION = YES;
				CLANG_WARN_OBJC_ROOT_CLASS = YES_ERROR;
				CLANG_WARN_QUOTED_INCLUDE_IN_FRAMEWORK_HEADER = YES;
				CLANG_WARN_RANGE_LOOP_ANALYSIS = YES;
				CLANG_WARN_STRICT_PROTOTYPES = YES;
				CLANG_WARN_SUSPICIOUS_MOVE = YES;
				CLANG_WARN_UNGUARDED_AVAILABILITY = YES_AGGRESSIVE;
				CLANG_WARN_UNREACHABLE_CODE = YES;
				CLANG_WARN__DUPLICATE_METHOD_MATCH = YES;
				COPY_PHASE_STRIP = NO;
				DEBUG_INFORMATION_FORMAT = "dwarf-with-dsym";
				ENABLE_NS_ASSERTIONS = NO;
				ENABLE_STRICT_OBJC_MSGSEND = YES;
				GCC_C_LANGUAGE_STANDARD = gnu11;
				GCC_NO_COMMON_BLOCKS = YES;
				GCC_WARN_64_TO_32_BIT_CONVERSION = YES;
				GCC_WARN_ABOUT_RETURN_TYPE = YES_ERROR;
				GCC_WARN_UNDECLARED_SELECTOR = YES;
				GCC_WARN_UNINITIALIZED_AUTOS = YES_AGGRESSIVE;
				GCC_WARN_UNUSED_FUNCTION = YES;
				GCC_WARN_UNUSED_VARIABLE = YES;
				IPHONEOS_DEPLOYMENT_TARGET = 16.4;
				MTL_ENABLE_DEBUG_INFO = NO;
				MTL_FAST_MATH = YES;
				SDKROOT = iphoneos;
				SWIFT_COMPILATION_MODE = wholemodule;
				SWIFT_OPTIMIZATION_LEVEL = "-O";
				VALIDATE_PRODUCT = YES;
			};
			name = Release;
		};
		5D09E5922AFEAB90007FD223 /* Debug */ = {
			isa = XCBuildConfiguration;
			buildSettings = {
				ASSETCATALOG_COMPILER_APPICON_NAME = AppIcon;
				ASSETCATALOG_COMPILER_GLOBAL_ACCENT_COLOR_NAME = AccentColor;
				CODE_SIGN_STYLE = Automatic;
				CURRENT_PROJECT_VERSION = 1;
				GENERATE_INFOPLIST_FILE = YES;
				INFOPLIST_FILE = ConjuFrench/Info.plist;
				INFOPLIST_KEY_UIApplicationSupportsIndirectInputEvents = YES;
				INFOPLIST_KEY_UILaunchStoryboardName = LaunchScreen;
				INFOPLIST_KEY_UIMainStoryboardFile = Main;
				INFOPLIST_KEY_UISupportedInterfaceOrientations_iPad = "UIInterfaceOrientationPortrait UIInterfaceOrientationPortraitUpsideDown UIInterfaceOrientationLandscapeLeft UIInterfaceOrientationLandscapeRight";
				INFOPLIST_KEY_UISupportedInterfaceOrientations_iPhone = "UIInterfaceOrientationPortrait UIInterfaceOrientationLandscapeLeft UIInterfaceOrientationLandscapeRight";
				LD_RUNPATH_SEARCH_PATHS = (
					"$(inherited)",
					"@executable_path/Frameworks",
				);
				MARKETING_VERSION = 1.0;
				PRODUCT_BUNDLE_IDENTIFIER = LaSalle.ConjuFrench;
				PRODUCT_NAME = "$(TARGET_NAME)";
				SWIFT_EMIT_LOC_STRINGS = YES;
				SWIFT_VERSION = 5.0;
				TARGETED_DEVICE_FAMILY = "1,2";
			};
			name = Debug;
		};
		5D09E5932AFEAB90007FD223 /* Release */ = {
			isa = XCBuildConfiguration;
			buildSettings = {
				ASSETCATALOG_COMPILER_APPICON_NAME = AppIcon;
				ASSETCATALOG_COMPILER_GLOBAL_ACCENT_COLOR_NAME = AccentColor;
				CODE_SIGN_STYLE = Automatic;
				CURRENT_PROJECT_VERSION = 1;
				GENERATE_INFOPLIST_FILE = YES;
				INFOPLIST_FILE = ConjuFrench/Info.plist;
				INFOPLIST_KEY_UIApplicationSupportsIndirectInputEvents = YES;
				INFOPLIST_KEY_UILaunchStoryboardName = LaunchScreen;
				INFOPLIST_KEY_UIMainStoryboardFile = Main;
				INFOPLIST_KEY_UISupportedInterfaceOrientations_iPad = "UIInterfaceOrientationPortrait UIInterfaceOrientationPortraitUpsideDown UIInterfaceOrientationLandscapeLeft UIInterfaceOrientationLandscapeRight";
				INFOPLIST_KEY_UISupportedInterfaceOrientations_iPhone = "UIInterfaceOrientationPortrait UIInterfaceOrientationLandscapeLeft UIInterfaceOrientationLandscapeRight";
				LD_RUNPATH_SEARCH_PATHS = (
					"$(inherited)",
					"@executable_path/Frameworks",
				);
				MARKETING_VERSION = 1.0;
				PRODUCT_BUNDLE_IDENTIFIER = LaSalle.ConjuFrench;
				PRODUCT_NAME = "$(TARGET_NAME)";
				SWIFT_EMIT_LOC_STRINGS = YES;
				SWIFT_VERSION = 5.0;
				TARGETED_DEVICE_FAMILY = "1,2";
			};
			name = Release;
		};
/* End XCBuildConfiguration section */

/* Begin XCConfigurationList section */
		5D09E5752AFEAB82007FD223 /* Build configuration list for PBXProject "ConjuFrench" */ = {
			isa = XCConfigurationList;
			buildConfigurations = (
				5D09E58F2AFEAB90007FD223 /* Debug */,
				5D09E5902AFEAB90007FD223 /* Release */,
			);
			defaultConfigurationIsVisible = 0;
			defaultConfigurationName = Release;
		};
		5D09E5912AFEAB90007FD223 /* Build configuration list for PBXNativeTarget "ConjuFrench" */ = {
			isa = XCConfigurationList;
			buildConfigurations = (
				5D09E5922AFEAB90007FD223 /* Debug */,
				5D09E5932AFEAB90007FD223 /* Release */,
			);
			defaultConfigurationIsVisible = 0;
			defaultConfigurationName = Release;
		};
/* End XCConfigurationList section */

/* Begin XCVersionGroup section */
		5D09E5862AFEAB83007FD223 /* ConjuFrench.xcdatamodeld */ = {
			isa = XCVersionGroup;
			children = (
				5D09E5872AFEAB83007FD223 /* ConjuFrench.xcdatamodel */,
			);
			currentVersion = 5D09E5872AFEAB83007FD223 /* ConjuFrench.xcdatamodel */;
			path = ConjuFrench.xcdatamodeld;
			sourceTree = "<group>";
			versionGroupType = wrapper.xcdatamodel;
		};
/* End XCVersionGroup section */
	};
	rootObject = 5D09E5722AFEAB82007FD223 /* Project object */;
}
